{
  "name": "vision",
  "version": "1.0.0",
  "lockfileVersion": 3,
  "requires": true,
  "packages": {
    "": {
      "name": "vision",
      "version": "1.0.0",
      "license": "ISC",
      "dependencies": {
        "liblouis": "^0.4.0"
      }
    },
    "node_modules/liblouis": {
      "version": "0.4.0",
      "resolved": "https://registry.npmjs.org/liblouis/-/liblouis-0.4.0.tgz",
      "integrity": "sha512-ViuoMFbSbf39RyXYU/Q9IeQ5IYUdJVPrgz5nmXjkNkK5rmorivDDWRZLibPhEaip0Dpt00CG+NX1WQGHWCa+ow==",
      "license": "GPL-3.0",
      "dependencies": {
        "liblouis-build": "*"
      }
    },
    "node_modules/liblouis-build": {
      "version": "3.2.0-rc",
      "resolved": "https://registry.npmjs.org/liblouis-build/-/liblouis-build-3.2.0-rc.tgz",
      "integrity": "sha512-wRQKhsc0RXDrOQbRN67qvKdN5facgINMYu7Ot0VMvNIawVHTxdkIfjjC7aq1jrtrwdbMAvMSP3nttq+I4p/A4Q=="
    }
  }
}
